
Microsoft Visual Studio Solution File, Format Version 12.00
# Visual Studio 15
VisualStudioVersion = 15.0.28307.1300
MinimumVisualStudioVersion = 10.0.40219.1
Project("{FAE04EC0-301F-11D3-BF4B-00C04F79EFBC}") = "HelloWorldGUI", "HelloWorldGUI\HelloWorldGUI.csproj", "{884AF855-CFB3-4408-A3AE-BA7FB792A5ED}"
EndProject
Global
	GlobalSection(SolutionConfigurationPlatforms) = preSolution
		Debug|Any CPU = Debug|Any CPU
		Release|Any CPU = Release|Any CPU
	EndGlobalSection
	GlobalSection(ProjectConfigurationPlatforms) = postSolution
		{884AF855-CFB3-4408-A3AE-BA7FB792A5ED}.Debug|Any CPU.ActiveCfg = Debug|Any CPU
		{884AF855-CFB3-4408-A3AE-BA7FB792A5ED}.Debug|Any CPU.Build.0 = Debug|Any CPU
		{884AF855-CFB3-4408-A3AE-BA7FB792A5ED}.Release|Any CPU.ActiveCfg = Release|Any CPU
		{884AF855-CFB3-4408-A3AE-BA7FB792A5ED}.Release|Any CPU.Build.0 = Release|Any CPU
	EndGlobalSection
	GlobalSection(SolutionProperties) = preSolution
		HideSolutionNode = FALSE
	EndGlobalSection
	GlobalSection(ExtensibilityGlobals) = postSolution
		SolutionGuid = {20F71BE3-2A23-41E0-A8AB-333A6F8F08D5}
	EndGlobalSection
EndGlobal
